
Microsoft Visual Studio Solution File, Format Version 12.00
# Visual Studio 15
VisualStudioVersion = 15.0.28306.52
MinimumVisualStudioVersion = 10.0.40219.1
Project("{FAE04EC0-301F-11D3-BF4B-00C04F79EFBC}") = "atl_connect_service", "atl_connect_service\atl_connect_service.csproj", "{0EB471ED-88FE-4F13-A87D-E461209C43D4}"
EndProject
Global
	GlobalSection(SolutionConfigurationPlatforms) = preSolution
		Debug|Any CPU = Debug|Any CPU
		Release|Any CPU = Release|Any CPU
	EndGlobalSection
	GlobalSection(ProjectConfigurationPlatforms) = postSolution
		{0EB471ED-88FE-4F13-A87D-E461209C43D4}.Debug|Any CPU.ActiveCfg = Debug|Any CPU
		{0EB471ED-88FE-4F13-A87D-E461209C43D4}.Debug|Any CPU.Build.0 = Debug|Any CPU
		{0EB471ED-88FE-4F13-A87D-E461209C43D4}.Release|Any CPU.ActiveCfg = Release|Any CPU
		{0EB471ED-88FE-4F13-A87D-E461209C43D4}.Release|Any CPU.Build.0 = Release|Any CPU
	EndGlobalSection
	GlobalSection(SolutionProperties) = preSolution
		HideSolutionNode = FALSE
	EndGlobalSection
	GlobalSection(ExtensibilityGlobals) = postSolution
		SolutionGuid = {29E49A77-34F1-4D33-BF98-399AF707EEDA}
	EndGlobalSection
EndGlobal
